
Microsoft Visual Studio Solution File, Format Version 12.00
# Visual Studio Version 16
VisualStudioVersion = 16.0.28917.181
MinimumVisualStudioVersion = 10.0.40219.1
Project("{FAE04EC0-301F-11D3-BF4B-00C04F79EFBC}") = "RabbitSender", "RabbitSender\RabbitSender.csproj", "{239D2964-300F-434C-B6B2-0B842F2630C8}"
EndProject
Project("{FAE04EC0-301F-11D3-BF4B-00C04F79EFBC}") = "ConsoleReciever", "ConsoleReciever\ConsoleReciever.csproj", "{5C8CAC46-8184-4706-886D-99538230D31A}"
EndProject
Global
	GlobalSection(SolutionConfigurationPlatforms) = preSolution
		Debug|Any CPU = Debug|Any CPU
		Release|Any CPU = Release|Any CPU
	EndGlobalSection
	GlobalSection(ProjectConfigurationPlatforms) = postSolution
		{239D2964-300F-434C-B6B2-0B842F2630C8}.Debug|Any CPU.ActiveCfg = Debug|Any CPU
		{239D2964-300F-434C-B6B2-0B842F2630C8}.Debug|Any CPU.Build.0 = Debug|Any CPU
		{239D2964-300F-434C-B6B2-0B842F2630C8}.Release|Any CPU.ActiveCfg = Release|Any CPU
		{239D2964-300F-434C-B6B2-0B842F2630C8}.Release|Any CPU.Build.0 = Release|Any CPU
		{5C8CAC46-8184-4706-886D-99538230D31A}.Debug|Any CPU.ActiveCfg = Debug|Any CPU
		{5C8CAC46-8184-4706-886D-99538230D31A}.Debug|Any CPU.Build.0 = Debug|Any CPU
		{5C8CAC46-8184-4706-886D-99538230D31A}.Release|Any CPU.ActiveCfg = Release|Any CPU
		{5C8CAC46-8184-4706-886D-99538230D31A}.Release|Any CPU.Build.0 = Release|Any CPU
	EndGlobalSection
	GlobalSection(SolutionProperties) = preSolution
		HideSolutionNode = FALSE
	EndGlobalSection
	GlobalSection(ExtensibilityGlobals) = postSolution
		SolutionGuid = {2DA3D817-1713-4BB0-A8E4-B64594B401C6}
	EndGlobalSection
EndGlobal
